<Solution>
  <Folder Name="/SolutionItems/">
    <File Path="../.gitignore" />
    <File Path="../global.json" />
    <File Path="../LICENSE" />
    <File Path="../README.md" />
    <File Path=".editorconfig" />
    <File Path="Directory.Build.props" />
  </Folder>
  <Project Path="MonsterHunterTracker/MonsterHunterTracker.csproj" />
</Solution>
